
Microsoft Visual Studio Solution File, Format Version 12.00
# Visual Studio Version 17
VisualStudioVersion = 17.4.33205.214
MinimumVisualStudioVersion = 10.0.40219.1
Project("{FAE04EC0-301F-11D3-BF4B-00C04F79EFBC}") = "DemoCache", "DemoCache\DemoCache.csproj", "{E1519F53-EA9F-4A8B-8531-26503F644A2E}"
EndProject
Global
	GlobalSection(SolutionConfigurationPlatforms) = preSolution
		Debug|Any CPU = Debug|Any CPU
		Release|Any CPU = Release|Any CPU
	EndGlobalSection
	GlobalSection(ProjectConfigurationPlatforms) = postSolution
		{E1519F53-EA9F-4A8B-8531-26503F644A2E}.Debug|Any CPU.ActiveCfg = Debug|Any CPU
		{E1519F53-EA9F-4A8B-8531-26503F644A2E}.Debug|Any CPU.Build.0 = Debug|Any CPU
		{E1519F53-EA9F-4A8B-8531-26503F644A2E}.Release|Any CPU.ActiveCfg = Release|Any CPU
		{E1519F53-EA9F-4A8B-8531-26503F644A2E}.Release|Any CPU.Build.0 = Release|Any CPU
	EndGlobalSection
	GlobalSection(SolutionProperties) = preSolution
		HideSolutionNode = FALSE
	EndGlobalSection
	GlobalSection(ExtensibilityGlobals) = postSolution
		SolutionGuid = {9818623E-D34A-41D1-A72B-4E58032588E5}
	EndGlobalSection
EndGlobal
